# This file is automatically @generated by Poetry 1.4.1 and should not be changed by hand.

[[package]]
name = "pybind11"
version = "2.10.4"
description = "Seamless operability between C++11 and Python"
category = "main"
optional = false
python-versions = ">=3.6"
files = [
    {file = "pybind11-2.10.4-py3-none-any.whl", hash = "sha256:ec9be0c45061c829648d7e8c98a7d041768b768c934acd15196e0f1943d9a818"},
    {file = "pybind11-2.10.4.tar.gz", hash = "sha256:0bb621d3c45a049aa5923debb87c5c0e2668227905c55ebe8af722608d8ed927"},
]

[package.extras]
global = ["pybind11-global (==2.10.4)"]

[[package]]
name = "pybind11-global"
version = "2.10.4"
description = "Seamless operability between C++11 and Python"
category = "main"
optional = false
python-versions = ">=3.6"
files = [
    {file = "pybind11_global-2.10.4-py3-none-any.whl", hash = "sha256:2e8fef06c6f238ff437745221850047d9f987343c4a502b753a9fbd25215912e"},
    {file = "pybind11_global-2.10.4.tar.gz", hash = "sha256:210fbae7e0b1f02f137abf90fe3992b26b3eb173b91d5a892fc13c79f6fd54f4"},
]

[metadata]
lock-version = "2.0"
python-versions = "^3.8"
content-hash = "ceda80246c8ff167fad43a49ed9ab9ef97bc9d773777e17a4ce624dca7e9a44f"
